
Microsoft Visual Studio Solution File, Format Version 12.00
# Visual Studio 15
VisualStudioVersion = 15.0.28307.1022
MinimumVisualStudioVersion = 10.0.40219.1
Project("{FAE04EC0-301F-11D3-BF4B-00C04F79EFBC}") = "HW_WPF_20200227_StylesAndTemplates", "HW_WPF_20200227_StylesAndTemplates\HW_WPF_20200227_StylesAndTemplates.csproj", "{8A5A8811-003F-43C8-ACB8-72E882D93C61}"
EndProject
Global
	GlobalSection(SolutionConfigurationPlatforms) = preSolution
		Debug|Any CPU = Debug|Any CPU
		Release|Any CPU = Release|Any CPU
	EndGlobalSection
	GlobalSection(ProjectConfigurationPlatforms) = postSolution
		{8A5A8811-003F-43C8-ACB8-72E882D93C61}.Debug|Any CPU.ActiveCfg = Debug|Any CPU
		{8A5A8811-003F-43C8-ACB8-72E882D93C61}.Debug|Any CPU.Build.0 = Debug|Any CPU
		{8A5A8811-003F-43C8-ACB8-72E882D93C61}.Release|Any CPU.ActiveCfg = Release|Any CPU
		{8A5A8811-003F-43C8-ACB8-72E882D93C61}.Release|Any CPU.Build.0 = Release|Any CPU
	EndGlobalSection
	GlobalSection(SolutionProperties) = preSolution
		HideSolutionNode = FALSE
	EndGlobalSection
	GlobalSection(ExtensibilityGlobals) = postSolution
		SolutionGuid = {D7A6FA1A-B34E-4D9F-93C8-F62E585601F4}
	EndGlobalSection
EndGlobal
